{
  "name": "buildless",
  "version": "1.0.0",
  "lockfileVersion": 1,
  "requires": true,
  "dependencies": {
    "preact": {
      "version": "8.5.2",
      "resolved": "https://registry.npmjs.org/preact/-/preact-8.5.2.tgz",
      "integrity": "sha512-37tlDJGq5IQKqGUbqPZ7qPtsTOWFyxe+ojAOFfzKo0dEPreenqrqgJuS83zGpeGAqD9h9L9Yr7QuxH2W4ZrKxg=="
    },
    "preact-async-route": {
      "version": "2.2.1",
      "resolved": "https://registry.npmjs.org/preact-async-route/-/preact-async-route-2.2.1.tgz",
      "integrity": "sha512-8bg1007akXs3YDmzYT4McaTe6ji2FIzcc0/NTlu+vjJaKPNQ8lNG/HQ6LP+FoIxQ4m/KH5vvJCHJN5ADp2iNGA=="
    },
    "preact-router": {
      "version": "2.6.1",
      "resolved": "https://registry.npmjs.org/preact-router/-/preact-router-2.6.1.tgz",
      "integrity": "sha512-Ql3fptQ8hiioIw5zUcWUq5NShl7yFR4e6KBUzLbGI7+HKMIgBnH+aOITN5IrY1rbr2vhKXBdHdd9nLbbjcJTOQ=="
    },
    "z-preact-easy-state": {
      "version": "6.0.12",
      "resolved": "https://registry.npmjs.org/z-preact-easy-state/-/z-preact-easy-state-6.0.12.tgz",
      "integrity": "sha512-JRDj/xt3fJEuDL7NFCPrMQtBJaxhLE8NSoBIGbVPBxFWavF36vnix+GVmKxy6vjSWKvR5e6CN52w0T8oZVr1dQ==",
      "requires": {
        "@nx-js/observer-util": "^4.1.1"
      },
      "dependencies": {
        "@nx-js/observer-util": {
          "version": "4.2.2",
          "resolved": "https://registry.npmjs.org/@nx-js/observer-util/-/observer-util-4.2.2.tgz",
          "integrity": "sha512-9OayX1xkdGjdnsDiO2YdaYJ6aMyCF7/NY4QWVgIgjSAZJ4OX2fD766Ts79hEzBscenQy2DCaSoY8VkguIMB1ZA=="
        }
      }
    }
  }
}
